
Microsoft Visual Studio Solution File, Format Version 12.00
# Visual Studio 15
VisualStudioVersion = 15.0.28307.421
MinimumVisualStudioVersion = 10.0.40219.1
Project("{FAE04EC0-301F-11D3-BF4B-00C04F79EFBC}") = "PhotoSiteWithBlog", "PhotoSiteWithBlog\PhotoSiteWithBlog.csproj", "{9E0D67EC-F2A4-45A2-AB0C-4BAB1F8D0D17}"
EndProject
Project("{FAE04EC0-301F-11D3-BF4B-00C04F79EFBC}") = "PhotoSiteWithBlog.Data", "PhotoSiteWithBlog.Data\PhotoSiteWithBlog.Data.csproj", "{A691F8F8-DCC5-4D7F-B416-3333D5816537}"
EndProject
Project("{FAE04EC0-301F-11D3-BF4B-00C04F79EFBC}") = "PhotoSiteWithBlog.Data.Models", "PhotoSiteWithBlog.Data.Models\PhotoSiteWithBlog.Data.Models.csproj", "{7CD80272-E2D9-4884-AF3C-D79A7A4D298F}"
EndProject
Project("{FAE04EC0-301F-11D3-BF4B-00C04F79EFBC}") = "PhotoSiteWithBlog.Services", "PhotoSiteWithBlog.Services\PhotoSiteWithBlog.Services.csproj", "{5CBB00AF-B13E-4171-A0C6-573E25DEA08D}"
EndProject
Project("{FAE04EC0-301F-11D3-BF4B-00C04F79EFBC}") = "PhotoSiteWithBlog.ViewModels", "PhotoSiteWithBlog.ViewModels\PhotoSiteWithBlog.ViewModels.csproj", "{76C4AE8B-F292-42C0-A7A1-6C1F2DAB42CE}"
EndProject
Global
	GlobalSection(SolutionConfigurationPlatforms) = preSolution
		Debug|Any CPU = Debug|Any CPU
		Release|Any CPU = Release|Any CPU
	EndGlobalSection
	GlobalSection(ProjectConfigurationPlatforms) = postSolution
		{9E0D67EC-F2A4-45A2-AB0C-4BAB1F8D0D17}.Debug|Any CPU.ActiveCfg = Debug|Any CPU
		{9E0D67EC-F2A4-45A2-AB0C-4BAB1F8D0D17}.Debug|Any CPU.Build.0 = Debug|Any CPU
		{9E0D67EC-F2A4-45A2-AB0C-4BAB1F8D0D17}.Release|Any CPU.ActiveCfg = Release|Any CPU
		{9E0D67EC-F2A4-45A2-AB0C-4BAB1F8D0D17}.Release|Any CPU.Build.0 = Release|Any CPU
		{A691F8F8-DCC5-4D7F-B416-3333D5816537}.Debug|Any CPU.ActiveCfg = Debug|Any CPU
		{A691F8F8-DCC5-4D7F-B416-3333D5816537}.Debug|Any CPU.Build.0 = Debug|Any CPU
		{A691F8F8-DCC5-4D7F-B416-3333D5816537}.Release|Any CPU.ActiveCfg = Release|Any CPU
		{A691F8F8-DCC5-4D7F-B416-3333D5816537}.Release|Any CPU.Build.0 = Release|Any CPU
		{7CD80272-E2D9-4884-AF3C-D79A7A4D298F}.Debug|Any CPU.ActiveCfg = Debug|Any CPU
		{7CD80272-E2D9-4884-AF3C-D79A7A4D298F}.Debug|Any CPU.Build.0 = Debug|Any CPU
		{7CD80272-E2D9-4884-AF3C-D79A7A4D298F}.Release|Any CPU.ActiveCfg = Release|Any CPU
		{7CD80272-E2D9-4884-AF3C-D79A7A4D298F}.Release|Any CPU.Build.0 = Release|Any CPU
		{5CBB00AF-B13E-4171-A0C6-573E25DEA08D}.Debug|Any CPU.ActiveCfg = Debug|Any CPU
		{5CBB00AF-B13E-4171-A0C6-573E25DEA08D}.Debug|Any CPU.Build.0 = Debug|Any CPU
		{5CBB00AF-B13E-4171-A0C6-573E25DEA08D}.Release|Any CPU.ActiveCfg = Release|Any CPU
		{5CBB00AF-B13E-4171-A0C6-573E25DEA08D}.Release|Any CPU.Build.0 = Release|Any CPU
		{76C4AE8B-F292-42C0-A7A1-6C1F2DAB42CE}.Debug|Any CPU.ActiveCfg = Debug|Any CPU
		{76C4AE8B-F292-42C0-A7A1-6C1F2DAB42CE}.Debug|Any CPU.Build.0 = Debug|Any CPU
		{76C4AE8B-F292-42C0-A7A1-6C1F2DAB42CE}.Release|Any CPU.ActiveCfg = Release|Any CPU
		{76C4AE8B-F292-42C0-A7A1-6C1F2DAB42CE}.Release|Any CPU.Build.0 = Release|Any CPU
	EndGlobalSection
	GlobalSection(SolutionProperties) = preSolution
		HideSolutionNode = FALSE
	EndGlobalSection
	GlobalSection(ExtensibilityGlobals) = postSolution
		SolutionGuid = {59CDF2C2-6D88-40EB-A871-B3FB93F92387}
	EndGlobalSection
EndGlobal
